Microsoft Visual Studio Solution File, Format Version 8.00
Project("{FAE04EC0-301F-11D3-BF4B-00C04F79EFBC}") = "DxScan", "DxScan.csproj", "{17379614-821C-4504-B45D-BBACC866EBFB}"
	ProjectSection(ProjectDependencies) = postProject
	EndProjectSection
EndProject
Global
	GlobalSection(SolutionConfiguration) = preSolution
		Debug = Debug
		Release = Release
	EndGlobalSection
	GlobalSection(ProjectConfiguration) = postSolution
		{17379614-821C-4504-B45D-BBACC866EBFB}.Debug.ActiveCfg = Debug|.NET
		{17379614-821C-4504-B45D-BBACC866EBFB}.Debug.Build.0 = Debug|.NET
		{17379614-821C-4504-B45D-BBACC866EBFB}.Release.ActiveCfg = Release|.NET
		{17379614-821C-4504-B45D-BBACC866EBFB}.Release.Build.0 = Release|.NET
	EndGlobalSection
	GlobalSection(ExtensibilityGlobals) = postSolution
	EndGlobalSection
	GlobalSection(ExtensibilityAddIns) = postSolution
	EndGlobalSection
EndGlobal
