
Microsoft Visual Studio Solution File, Format Version 12.00
# Visual Studio Version 16
VisualStudioVersion = 16.0.30225.117
MinimumVisualStudioVersion = 15.0.26124.0
Project("{9A19103F-16F7-4668-BE54-9A1E7A4F7556}") = "DirectShowLib", "directshowlib\src\DirectShowLib.csproj", "{EDAAC255-A121-446D-8840-3ADD61F8D4E6}"
EndProject
Global
	GlobalSection(SolutionConfigurationPlatforms) = preSolution
		Debug|Any CPU = Debug|Any CPU
		Release|Any CPU = Release|Any CPU
	EndGlobalSection
	GlobalSection(ProjectConfigurationPlatforms) = postSolution
		{EDAAC255-A121-446D-8840-3ADD61F8D4E6}.Debug|Any CPU.ActiveCfg = Debug|Any CPU
		{EDAAC255-A121-446D-8840-3ADD61F8D4E6}.Debug|Any CPU.Build.0 = Debug|Any CPU
		{EDAAC255-A121-446D-8840-3ADD61F8D4E6}.Release|Any CPU.ActiveCfg = Release|Any CPU
		{EDAAC255-A121-446D-8840-3ADD61F8D4E6}.Release|Any CPU.Build.0 = Release|Any CPU
	EndGlobalSection
	GlobalSection(SolutionProperties) = preSolution
		HideSolutionNode = FALSE
	EndGlobalSection
	GlobalSection(ExtensibilityGlobals) = postSolution
		SolutionGuid = {78716014-A77F-4F6D-9179-5792C1500101}
	EndGlobalSection
EndGlobal
