Microsoft Visual Studio Solution File, Format Version 7.00
Project("{F184B08F-C81C-45F6-A57F-5ABD9991F28F}") = "DxLogoVB", "DxLogoVB.vbproj", "{8D9497ED-F71D-4938-A6AD-0BB6AAF1639E}"
EndProject
Global
	GlobalSection(SolutionConfiguration) = preSolution
		ConfigName.0 = Debug
		ConfigName.1 = Release
	EndGlobalSection
	GlobalSection(ProjectDependencies) = postSolution
	EndGlobalSection
	GlobalSection(ProjectConfiguration) = postSolution
		{8D9497ED-F71D-4938-A6AD-0BB6AAF1639E}.Debug.ActiveCfg = Debug|.NET
		{8D9497ED-F71D-4938-A6AD-0BB6AAF1639E}.Debug.Build.0 = Debug|.NET
		{8D9497ED-F71D-4938-A6AD-0BB6AAF1639E}.Release.ActiveCfg = Release|.NET
		{8D9497ED-F71D-4938-A6AD-0BB6AAF1639E}.Release.Build.0 = Release|.NET
	EndGlobalSection
	GlobalSection(ExtensibilityGlobals) = postSolution
	EndGlobalSection
	GlobalSection(ExtensibilityAddIns) = postSolution
	EndGlobalSection
EndGlobal
