Microsoft Visual Studio Solution File, Format Version 8.00
Project("{FAE04EC0-301F-11D3-BF4B-00C04F79EFBC}") = "BitmapMixer", "BitmapMixer.csproj", "{4682D111-4503-448E-B5F4-93358502C229}"
	ProjectSection(ProjectDependencies) = postProject
	EndProjectSection
EndProject
Global
	GlobalSection(SolutionConfiguration) = preSolution
		Debug = Debug
		Release = Release
	EndGlobalSection
	GlobalSection(ProjectConfiguration) = postSolution
		{4682D111-4503-448E-B5F4-93358502C229}.Debug.ActiveCfg = Debug|.NET
		{4682D111-4503-448E-B5F4-93358502C229}.Debug.Build.0 = Debug|.NET
		{4682D111-4503-448E-B5F4-93358502C229}.Release.ActiveCfg = Release|.NET
		{4682D111-4503-448E-B5F4-93358502C229}.Release.Build.0 = Release|.NET
	EndGlobalSection
	GlobalSection(ExtensibilityGlobals) = postSolution
	EndGlobalSection
	GlobalSection(ExtensibilityAddIns) = postSolution
	EndGlobalSection
EndGlobal
