
Microsoft Visual Studio Solution File, Format Version 12.00
# Visual Studio Version 16
VisualStudioVersion = 16.0.30320.27
MinimumVisualStudioVersion = 10.0.40219.1
Project("{9A19103F-16F7-4668-BE54-9A1E7A4F7556}") = "DirectShowLib", "DirectShowLib.csproj", "{BA534BAF-AB28-41E9-A962-AB0656B87328}"
EndProject
Global
	GlobalSection(SolutionConfigurationPlatforms) = preSolution
		Debug|Any CPU = Debug|Any CPU
		Release|Any CPU = Release|Any CPU
	EndGlobalSection
	GlobalSection(ProjectConfigurationPlatforms) = postSolution
		{BA534BAF-AB28-41E9-A962-AB0656B87328}.Debug|Any CPU.ActiveCfg = Debug|Any CPU
		{BA534BAF-AB28-41E9-A962-AB0656B87328}.Debug|Any CPU.Build.0 = Debug|Any CPU
		{BA534BAF-AB28-41E9-A962-AB0656B87328}.Release|Any CPU.ActiveCfg = Release|Any CPU
		{BA534BAF-AB28-41E9-A962-AB0656B87328}.Release|Any CPU.Build.0 = Release|Any CPU
	EndGlobalSection
	GlobalSection(SolutionProperties) = preSolution
		HideSolutionNode = FALSE
	EndGlobalSection
	GlobalSection(ExtensibilityGlobals) = postSolution
		SolutionGuid = {207EE606-BD40-4B50-A843-F53BD2C04820}
	EndGlobalSection
EndGlobal
